
Microsoft Visual Studio Solution File, Format Version 12.00
# Visual Studio Version 17
VisualStudioVersion = 17.9.34622.214
MinimumVisualStudioVersion = 10.0.40219.1
Project("{9A19103F-16F7-4668-BE54-9A1E7A4F7556}") = "SignalR.WebUI", "SignalR.WebUI\SignalR.WebUI.csproj", "{8FE0463E-A62D-473B-BED1-3F8AF881B1BF}"
EndProject
Project("{FAE04EC0-301F-11D3-BF4B-00C04F79EFBC}") = "SignalR.ConsoleApp", "SignalR.ConsoleApp\SignalR.ConsoleApp.csproj", "{86F191CE-756D-4703-A88C-EBED7DD851D0}"
EndProject
Global
	GlobalSection(SolutionConfigurationPlatforms) = preSolution
		Debug|Any CPU = Debug|Any CPU
		Release|Any CPU = Release|Any CPU
	EndGlobalSection
	GlobalSection(ProjectConfigurationPlatforms) = postSolution
		{8FE0463E-A62D-473B-BED1-3F8AF881B1BF}.Debug|Any CPU.ActiveCfg = Debug|Any CPU
		{8FE0463E-A62D-473B-BED1-3F8AF881B1BF}.Debug|Any CPU.Build.0 = Debug|Any CPU
		{8FE0463E-A62D-473B-BED1-3F8AF881B1BF}.Release|Any CPU.ActiveCfg = Release|Any CPU
		{8FE0463E-A62D-473B-BED1-3F8AF881B1BF}.Release|Any CPU.Build.0 = Release|Any CPU
		{86F191CE-756D-4703-A88C-EBED7DD851D0}.Debug|Any CPU.ActiveCfg = Debug|Any CPU
		{86F191CE-756D-4703-A88C-EBED7DD851D0}.Debug|Any CPU.Build.0 = Debug|Any CPU
		{86F191CE-756D-4703-A88C-EBED7DD851D0}.Release|Any CPU.ActiveCfg = Release|Any CPU
		{86F191CE-756D-4703-A88C-EBED7DD851D0}.Release|Any CPU.Build.0 = Release|Any CPU
	EndGlobalSection
	GlobalSection(SolutionProperties) = preSolution
		HideSolutionNode = FALSE
	EndGlobalSection
	GlobalSection(ExtensibilityGlobals) = postSolution
		SolutionGuid = {5ECC4951-DFE3-48D0-8FC8-9CB1F0E11A63}
	EndGlobalSection
EndGlobal
